
Microsoft Visual Studio Solution File, Format Version 11.00
# Visual Studio 2010
Project("{FAE04EC0-301F-11D3-BF4B-00C04F79EFBC}") = "ClavoBloqueoPantalla", "Assembly-CSharp.csproj", "{B6DBD082-3647-6EBE-EA4B-89F6E4462A3A}"
EndProject
Project("{FAE04EC0-301F-11D3-BF4B-00C04F79EFBC}") = "ClavoBloqueoPantalla", "Assembly-CSharp-Editor.csproj", "{5A5CC32B-4399-0F4D-F939-F90991A55E07}"
EndProject
Global
	GlobalSection(SolutionConfigurationPlatforms) = preSolution
		Debug|Any CPU = Debug|Any CPU
		Release|Any CPU = Release|Any CPU
	EndGlobalSection
	GlobalSection(ProjectConfigurationPlatforms) = postSolution
		{B6DBD082-3647-6EBE-EA4B-89F6E4462A3A}.Debug|Any CPU.ActiveCfg = Debug|Any CPU
		{B6DBD082-3647-6EBE-EA4B-89F6E4462A3A}.Debug|Any CPU.Build.0 = Debug|Any CPU
		{B6DBD082-3647-6EBE-EA4B-89F6E4462A3A}.Release|Any CPU.ActiveCfg = Release|Any CPU
		{B6DBD082-3647-6EBE-EA4B-89F6E4462A3A}.Release|Any CPU.Build.0 = Release|Any CPU
		{5A5CC32B-4399-0F4D-F939-F90991A55E07}.Debug|Any CPU.ActiveCfg = Debug|Any CPU
		{5A5CC32B-4399-0F4D-F939-F90991A55E07}.Debug|Any CPU.Build.0 = Debug|Any CPU
		{5A5CC32B-4399-0F4D-F939-F90991A55E07}.Release|Any CPU.ActiveCfg = Release|Any CPU
		{5A5CC32B-4399-0F4D-F939-F90991A55E07}.Release|Any CPU.Build.0 = Release|Any CPU
	EndGlobalSection
	GlobalSection(SolutionProperties) = preSolution
		HideSolutionNode = FALSE
	EndGlobalSection
	GlobalSection(MonoDevelopProperties) = preSolution
		StartupItem = Assembly-CSharp.csproj
	EndGlobalSection
EndGlobal
